
Microsoft Visual Studio Solution File, Format Version 12.00
Project("{FAE04EC0-301F-11D3-BF4B-00C04F79EFBC}") = "MyWeatherApi", "MyWeatherApi\MyWeatherApi.csproj", "{570994F0-B2AD-45A9-81B7-DA4C25EFB9EA}"
EndProject
Global
	GlobalSection(SolutionConfigurationPlatforms) = preSolution
		Debug|Any CPU = Debug|Any CPU
		Release|Any CPU = Release|Any CPU
	EndGlobalSection
	GlobalSection(ProjectConfigurationPlatforms) = postSolution
		{570994F0-B2AD-45A9-81B7-DA4C25EFB9EA}.Debug|Any CPU.ActiveCfg = Debug|Any CPU
		{570994F0-B2AD-45A9-81B7-DA4C25EFB9EA}.Debug|Any CPU.Build.0 = Debug|Any CPU
		{570994F0-B2AD-45A9-81B7-DA4C25EFB9EA}.Release|Any CPU.ActiveCfg = Release|Any CPU
		{570994F0-B2AD-45A9-81B7-DA4C25EFB9EA}.Release|Any CPU.Build.0 = Release|Any CPU
	EndGlobalSection
EndGlobal
